{
    "_meta": {
        "hash": {
            "sha256": "2b03d40ee45764ac0a86cce37118f75802edf7365cad835bcc2765312320856d"
        },
        "pipfile-spec": 6,
        "requires": {},
        "sources": [
            {
                "name": "pypi",
                "url": "https://pypi.org/simple",
                "verify_ssl": true
            }
        ]
    },
    "default": {
        "asgiref": {
            "hashes": [
                "sha256:89b2ef2247e3b562a16eef663bc0e2e703ec6468e2fa8a5cd61cd449786d4f6e",
                "sha256:9e0ce3aa93a819ba5b45120216b23878cf6e8525eb3848653452b4192b92afed"
            ],
            "markers": "python_version >= '3.7'",
            "version": "==3.7.2"
        },
        "attrs": {
            "hashes": [
                "sha256:1f28b4522cdc2fb4256ac1a020c78acf9cba2c6b461ccd2c126f3aa8e8335d04",
                "sha256:6279836d581513a26f1bf235f9acd333bc9115683f14f7e8fae46c98fc50e015"
            ],
            "markers": "python_version >= '3.7'",
            "version": "==23.1.0"
        },
        "beautifulsoup4": {
            "hashes": [
                "sha256:492bbc69dca35d12daac71c4db1bfff0c876c00ef4a2ffacce226d4638eb72da",
                "sha256:bd2520ca0d9d7d12694a53d44ac482d181b4ec1888909b035a3dbf40d0f57d4a"
            ],
            "markers": "python_full_version >= '3.6.0'",
            "version": "==4.12.2"
        },
        "bs4": {
            "hashes": [
                "sha256:36ecea1fd7cc5c0c6e4a1ff075df26d50da647b75376626cc186e2212886dd3a"
            ],
            "index": "pypi",
            "version": "==0.0.1"
        },
        "certifi": {
            "hashes": [
                "sha256:539cc1d13202e33ca466e88b2807e29f4c13049d6d87031a3c110744495cb082",
                "sha256:92d6037539857d8206b8f6ae472e8b77db8058fec5937a1ef3f54304089edbb9"
            ],
            "markers": "python_version >= '3.6'",
            "version": "==2023.7.22"
        },
        "charset-normalizer": {
            "hashes": [
                "sha256:06cf46bdff72f58645434d467bf5228080801298fbba19fe268a01b4534467f5",
                "sha256:0c8c61fb505c7dad1d251c284e712d4e0372cef3b067f7ddf82a7fa82e1e9a93",
                "sha256:10b8dd31e10f32410751b3430996f9807fc4d1587ca69772e2aa940a82ab571a",
                "sha256:1171ef1fc5ab4693c5d151ae0fdad7f7349920eabbaca6271f95969fa0756c2d",
                "sha256:17a866d61259c7de1bdadef418a37755050ddb4b922df8b356503234fff7932c",
                "sha256:1d6bfc32a68bc0933819cfdfe45f9abc3cae3877e1d90aac7259d57e6e0f85b1",
                "sha256:1ec937546cad86d0dce5396748bf392bb7b62a9eeb8c66efac60e947697f0e58",
                "sha256:223b4d54561c01048f657fa6ce41461d5ad8ff128b9678cfe8b2ecd951e3f8a2",
                "sha256:2465aa50c9299d615d757c1c888bc6fef384b7c4aec81c05a0172b4400f98557",
                "sha256:28f512b9a33235545fbbdac6a330a510b63be278a50071a336afc1b78781b147",
                "sha256:2c092be3885a1b7899cd85ce24acedc1034199d6fca1483fa2c3a35c86e43041",
                "sha256:2c4c99f98fc3a1835af8179dcc9013f93594d0670e2fa80c83aa36346ee763d2",
                "sha256:31445f38053476a0c4e6d12b047b08ced81e2c7c712e5a1ad97bc913256f91b2",
                "sha256:31bbaba7218904d2eabecf4feec0d07469284e952a27400f23b6628439439fa7",
                "sha256:34d95638ff3613849f473afc33f65c401a89f3b9528d0d213c7037c398a51296",
                "sha256:352a88c3df0d1fa886562384b86f9a9e27563d4704ee0e9d56ec6fcd270ea690",
                "sha256:39b70a6f88eebe239fa775190796d55a33cfb6d36b9ffdd37843f7c4c1b5dc67",
                "sha256:3c66df3f41abee950d6638adc7eac4730a306b022570f71dd0bd6ba53503ab57",
                "sha256:3f70fd716855cd3b855316b226a1ac8bdb3caf4f7ea96edcccc6f484217c9597",
                "sha256:3f9bc2ce123637a60ebe819f9fccc614da1bcc05798bbbaf2dd4ec91f3e08846",
                "sha256:3fb765362688821404ad6cf86772fc54993ec11577cd5a92ac44b4c2ba52155b",
                "sha256:45f053a0ece92c734d874861ffe6e3cc92150e32136dd59ab1fb070575189c97",
                "sha256:46fb9970aa5eeca547d7aa0de5d4b124a288b42eaefac677bde805013c95725c",
                "sha256:4cb50a0335382aac15c31b61d8531bc9bb657cfd848b1d7158009472189f3d62",
                "sha256:4e12f8ee80aa35e746230a2af83e81bd6b52daa92a8afaef4fea4a2ce9b9f4fa",
                "sha256:4f3100d86dcd03c03f7e9c3fdb23d92e32abbca07e7c13ebd7ddfbcb06f5991f",
                "sha256:4f6e2a839f83a6a76854d12dbebde50e4b1afa63e27761549d006fa53e9aa80e",
                "sha256:4f861d94c2a450b974b86093c6c027888627b8082f1299dfd5a4bae8e2292821",
                "sha256:501adc5eb6cd5f40a6f77fbd90e5ab915c8fd6e8c614af2db5561e16c600d6f3",
                "sha256:520b7a142d2524f999447b3a0cf95115df81c4f33003c51a6ab637cbda9d0bf4",
                "sha256:548eefad783ed787b38cb6f9a574bd8664468cc76d1538215d510a3cd41406cb",
                "sha256:555fe186da0068d3354cdf4bbcbc609b0ecae4d04c921cc13e209eece7720727",
                "sha256:55602981b2dbf8184c098bc10287e8c245e351cd4fdcad050bd7199d5a8bf514",
                "sha256:58e875eb7016fd014c0eea46c6fa92b87b62c0cb31b9feae25cbbe62c919f54d",
                "sha256:5a3580a4fdc4ac05f9e53c57f965e3594b2f99796231380adb2baaab96e22761",
                "sha256:5b70bab78accbc672f50e878a5b73ca692f45f5b5e25c8066d748c09405e6a55",
                "sha256:5ceca5876032362ae73b83347be8b5dbd2d1faf3358deb38c9c88776779b2e2f",
                "sha256:61f1e3fb621f5420523abb71f5771a204b33c21d31e7d9d86881b2cffe92c47c",
                "sha256:633968254f8d421e70f91c6ebe71ed0ab140220469cf87a9857e21c16687c034",
                "sha256:63a6f59e2d01310f754c270e4a257426fe5a591dc487f1983b3bbe793cf6bac6",
                "sha256:63accd11149c0f9a99e3bc095bbdb5a464862d77a7e309ad5938fbc8721235ae",
                "sha256:6db3cfb9b4fcecb4390db154e75b49578c87a3b9979b40cdf90d7e4b945656e1",
                "sha256:71ef3b9be10070360f289aea4838c784f8b851be3ba58cf796262b57775c2f14",
                "sha256:7ae8e5142dcc7a49168f4055255dbcced01dc1714a90a21f87448dc8d90617d1",
                "sha256:7b6cefa579e1237ce198619b76eaa148b71894fb0d6bcf9024460f9bf30fd228",
                "sha256:800561453acdecedaac137bf09cd719c7a440b6800ec182f077bb8e7025fb708",
                "sha256:82ca51ff0fc5b641a2d4e1cc8c5ff108699b7a56d7f3ad6f6da9dbb6f0145b48",
                "sha256:851cf693fb3aaef71031237cd68699dded198657ec1e76a76eb8be58c03a5d1f",
                "sha256:854cc74367180beb327ab9d00f964f6d91da06450b0855cbbb09187bcdb02de5",
                "sha256:87071618d3d8ec8b186d53cb6e66955ef2a0e4fa63ccd3709c0c90ac5a43520f",
                "sha256:871d045d6ccc181fd863a3cd66ee8e395523ebfbc57f85f91f035f50cee8e3d4",
                "sha256:8aee051c89e13565c6bd366813c386939f8e928af93c29fda4af86d25b73d8f8",
                "sha256:8af5a8917b8af42295e86b64903156b4f110a30dca5f3b5aedea123fbd638bff",
                "sha256:8ec8ef42c6cd5856a7613dcd1eaf21e5573b2185263d87d27c8edcae33b62a61",
                "sha256:91e43805ccafa0a91831f9cd5443aa34528c0c3f2cc48c4cb3d9a7721053874b",
                "sha256:9505dc359edb6a330efcd2be825fdb73ee3e628d9010597aa1aee5aa63442e97",
                "sha256:985c7965f62f6f32bf432e2681173db41336a9c2611693247069288bcb0c7f8b",
                "sha256:9a74041ba0bfa9bc9b9bb2cd3238a6ab3b7618e759b41bd15b5f6ad958d17605",
                "sha256:9edbe6a5bf8b56a4a84533ba2b2f489d0046e755c29616ef8830f9e7d9cf5728",
                "sha256:a15c1fe6d26e83fd2e5972425a772cca158eae58b05d4a25a4e474c221053e2d",
                "sha256:a66bcdf19c1a523e41b8e9d53d0cedbfbac2e93c649a2e9502cb26c014d0980c",
                "sha256:ae4070f741f8d809075ef697877fd350ecf0b7c5837ed68738607ee0a2c572cf",
                "sha256:ae55d592b02c4349525b6ed8f74c692509e5adffa842e582c0f861751701a673",
                "sha256:b578cbe580e3b41ad17b1c428f382c814b32a6ce90f2d8e39e2e635d49e498d1",
                "sha256:b891a2f68e09c5ef989007fac11476ed33c5c9994449a4e2c3386529d703dc8b",
                "sha256:baec8148d6b8bd5cee1ae138ba658c71f5b03e0d69d5907703e3e1df96db5e41",
                "sha256:bb06098d019766ca16fc915ecaa455c1f1cd594204e7f840cd6258237b5079a8",
                "sha256:bc791ec3fd0c4309a753f95bb6c749ef0d8ea3aea91f07ee1cf06b7b02118f2f",
                "sha256:bd28b31730f0e982ace8663d108e01199098432a30a4c410d06fe08fdb9e93f4",
                "sha256:be4d9c2770044a59715eb57c1144dedea7c5d5ae80c68fb9959515037cde2008",
                "sha256:c0c72d34e7de5604df0fde3644cc079feee5e55464967d10b24b1de268deceb9",
                "sha256:c0e842112fe3f1a4ffcf64b06dc4c61a88441c2f02f373367f7b4c1aa9be2ad5",
                "sha256:c15070ebf11b8b7fd1bfff7217e9324963c82dbdf6182ff7050519e350e7ad9f",
                "sha256:c2000c54c395d9e5e44c99dc7c20a64dc371f777faf8bae4919ad3e99ce5253e",
                "sha256:c30187840d36d0ba2893bc3271a36a517a717f9fd383a98e2697ee890a37c273",
                "sha256:cb7cd68814308aade9d0c93c5bd2ade9f9441666f8ba5aa9c2d4b389cb5e2a45",
                "sha256:cd805513198304026bd379d1d516afbf6c3c13f4382134a2c526b8b854da1c2e",
                "sha256:d0bf89afcbcf4d1bb2652f6580e5e55a840fdf87384f6063c4a4f0c95e378656",
                "sha256:d9137a876020661972ca6eec0766d81aef8a5627df628b664b234b73396e727e",
                "sha256:dbd95e300367aa0827496fe75a1766d198d34385a58f97683fe6e07f89ca3e3c",
                "sha256:dced27917823df984fe0c80a5c4ad75cf58df0fbfae890bc08004cd3888922a2",
                "sha256:de0b4caa1c8a21394e8ce971997614a17648f94e1cd0640fbd6b4d14cab13a72",
                "sha256:debb633f3f7856f95ad957d9b9c781f8e2c6303ef21724ec94bea2ce2fcbd056",
                "sha256:e372d7dfd154009142631de2d316adad3cc1c36c32a38b16a4751ba78da2a397",
                "sha256:ecd26be9f112c4f96718290c10f4caea6cc798459a3a76636b817a0ed7874e42",
                "sha256:edc0202099ea1d82844316604e17d2b175044f9bcb6b398aab781eba957224bd",
                "sha256:f194cce575e59ffe442c10a360182a986535fd90b57f7debfaa5c845c409ecc3",
                "sha256:f5fb672c396d826ca16a022ac04c9dce74e00a1c344f6ad1a0fdc1ba1f332213",
                "sha256:f6a02a3c7950cafaadcd46a226ad9e12fc9744652cc69f9e5534f98b47f3bbcf",
                "sha256:fe81b35c33772e56f4b6cf62cf4aedc1762ef7162a31e6ac7fe5e40d0149eb67"
            ],
            "markers": "python_full_version >= '3.7.0'",
            "version": "==3.3.1"
        },
        "django": {
            "hashes": [
                "sha256:08f41f468b63335aea0d904c5729e0250300f6a1907bf293a65499496cdbc68f",
                "sha256:a64d2487cdb00ad7461434320ccc38e60af9c404773a2f95ab0093b4453a3215"
            ],
            "index": "pypi",
            "markers": "python_version >= '3.8'",
            "version": "==4.2.6"
        },
        "django-cors-headers": {
            "hashes": [
                "sha256:25aabc94d4837678c1edf442c7f68a5f5fd151f6767b0e0b01c61a2179d02711",
                "sha256:bd36c7aea0d070e462f3383f0dc9ef717e5fdc2b10a99c98c285f16da84ffba2"
            ],
            "index": "pypi",
            "markers": "python_version >= '3.8'",
            "version": "==4.3.0"
        },
        "django-filter": {
            "hashes": [
                "sha256:015fe155582e1805b40629344e4a6cf3cc40450827d294d040b4b8c1749a9fa6",
                "sha256:65bc5d1d8f4fff3aaf74cb5da537b6620e9214fb4b3180f6c560776b1b6dccd0"
            ],
            "index": "pypi",
            "markers": "python_version >= '3.7'",
            "version": "==23.3"
        },
        "djangorestframework": {
            "hashes": [
                "sha256:579a333e6256b09489cbe0a067e66abe55c6595d8926be6b99423786334350c8",
                "sha256:eb63f58c9f218e1a7d064d17a70751f528ed4e1d35547fdade9aaf4cd103fd08"
            ],
            "index": "pypi",
            "markers": "python_version >= '3.6'",
            "version": "==3.14.0"
        },
        "gunicorn": {
            "hashes": [
                "sha256:3213aa5e8c24949e792bcacfc176fef362e7aac80b76c56f6b5122bf350722f0",
                "sha256:88ec8bff1d634f98e61b9f65bc4bf3cd918a90806c6f5c48bc5603849ec81033"
            ],
            "index": "pypi",
            "markers": "python_version >= '3.5'",
            "version": "==21.2.0"
        },
        "h11": {
            "hashes": [
                "sha256:8f19fbbe99e72420ff35c00b27a34cb9937e902a8b810e2c88300c6f0a3b699d",
                "sha256:e3fe4ac4b851c468cc8363d500db52c2ead036020723024a109d37346efaa761"
            ],
            "markers": "python_version >= '3.7'",
            "version": "==0.14.0"
        },
        "hiredis": {
            "hashes": [
                "sha256:071c5814b850574036506a8118034f97c3cbf2fe9947ff45a27b07a48da56240",
                "sha256:08415ea74c1c29b9d6a4ca3dd0e810dc1af343c1d1d442e15ba133b11ab5be6a",
                "sha256:126623b03c31cb6ac3e0d138feb6fcc36dd43dd34fc7da7b7a0c38b5d75bc896",
                "sha256:14824e457e4f5cda685c3345d125da13949bcf3bb1c88eb5d248c8d2c3dee08f",
                "sha256:15c2a551f3b8a26f7940d6ee10b837810201754b8d7e6f6b1391655370882c5a",
                "sha256:17e938d9d3ee92e1adbff361706f1c36cc60eeb3e3eeca7a3a353eae344f4c91",
                "sha256:1cadb0ac7ba3babfd804e425946bec9717b320564a1390f163a54af9365a720a",
                "sha256:1d274d5c511dfc03f83f997d3238eaa9b6ee3f982640979f509373cced891e98",
                "sha256:20f509e3a1a20d6e5f5794fc37ceb21f70f409101fcfe7a8bde783894d51b369",
                "sha256:227c5b4bcb60f89008c275d596e4a7b6625a6b3c827b8a66ae582eace7051f71",
                "sha256:232d0a70519865741ba56e1dfefd160a580ae78c30a1517bad47b3cf95a3bc7d",
                "sha256:2443659c76b226267e2a04dbbb21bc2a3f91aa53bdc0c22964632753ae43a247",
                "sha256:2d7e459fe7313925f395148d36d9b7f4f8dac65be06e45d7af356b187cef65fc",
                "sha256:2fb9300959a0048138791f3d68359d61a788574ec9556bddf1fec07f2dbc5320",
                "sha256:334f2738700b20faa04a0d813366fb16ed17287430a6b50584161d5ad31ca6d7",
                "sha256:33a94d264e6e12a79d9bb8af333b01dc286b9f39c99072ab5fef94ce1f018e17",
                "sha256:33bc4721632ef9708fa44e5df0066053fccc8e65410a2c48573192517a533b48",
                "sha256:33ee3ea5cad3a8cb339352cd230b411eb437a2e75d7736c4899acab32056ccdb",
                "sha256:3753df5f873d473f055e1f8837bfad0bd3b277c86f3c9bf058c58f14204cd901",
                "sha256:3759f4789ae1913b7df278dfc9e8749205b7a106f888cd2903d19461e24a7697",
                "sha256:3b7fe075e91b9d9cff40eba4fb6a8eff74964d3979a39be9a9ef58b1b4cb3604",
                "sha256:3bf4b5bae472630c229518e4a814b1b68f10a3d9b00aeaec45f1a330f03a0251",
                "sha256:3f006c28c885deb99b670a5a66f367a175ab8955b0374029bad7111f5357dcd4",
                "sha256:3f5446068197b35a11ccc697720c41879c8657e2e761aaa8311783aac84cef20",
                "sha256:3fa6811a618653164f918b891a0fa07052bd71a799defa5c44d167cac5557b26",
                "sha256:46525fbd84523cac75af5bf524bc74aaac848beaf31b142d2df8a787d9b4bbc4",
                "sha256:477c34c4489666dc73cb5e89dafe2617c3e13da1298917f73d55aac4696bd793",
                "sha256:4b3e974ad15eb32b1f537730dea70b93a4c3db7b026de3ad2b59da49c6f7454d",
                "sha256:4c3b8be557e08b234774925622e196f0ee36fe4eab66cd19df934d3efd8f3743",
                "sha256:4e3e3e31423f888d396b1fc1f936936e52af868ac1ec17dd15e3eeba9dd4de24",
                "sha256:4e43e2b5acaad09cf48c032f7e4926392bb3a3f01854416cf6d82ebff94d5467",
                "sha256:4ed68a3b1ccb4313d2a42546fd7e7439ad4745918a48b6c9bcaa61e1e3e42634",
                "sha256:4f674e309cd055ee7a48304ceb8cf43265d859faf4d7d01d270ce45e976ae9d3",
                "sha256:50171f985e17970f87d5a29e16603d1e5b03bdbf5c2691a37e6c912942a6b657",
                "sha256:51341e70b467004dcbec3a6ce8c478d2d6241e0f6b01e4c56764afd5022e1e9d",
                "sha256:5a4bcef114fc071d5f52c386c47f35aae0a5b43673197b9288a15b584da8fa3a",
                "sha256:5a5c8019ff94988d56eb49b15de76fe83f6b42536d76edeb6565dbf7fe14b973",
                "sha256:5cda592405bbd29d53942e0389dc3fa77b49c362640210d7e94a10c14a677d4d",
                "sha256:5e6674a017629284ef373b50496d9fb1a89b85a20a7fa100ecd109484ec748e5",
                "sha256:5e7bb4dd524f50b71c20ef5a12bd61da9b463f8894b18a06130942fe31509881",
                "sha256:60c4e3c258eafaab21b174b17270a0cc093718d61cdbde8c03f85ec4bf835343",
                "sha256:61995eb826009d99ed8590747bc0da683a5f4fbb4faa8788166bf3810845cd5c",
                "sha256:61a72e4a523cdfc521762137559c08dfa360a3caef63620be58c699d1717dac1",
                "sha256:69536b821dd1bc78058a6e7541743f8d82bf2d981b91280b14c4daa6cdc7faba",
                "sha256:6ccdcb635dae85b006592f78e32d97f4bc7541cb27829d505f9c7fefcef48298",
                "sha256:6f88cafe46612b6fa68e6dea49e25bebf160598bba00101caa51cc8c1f18d597",
                "sha256:6f969edc851efe23010e0f53a64269f2629a9364135e9ec81c842e8b2277d0c1",
                "sha256:77924b0d32fd1f493d3df15d9609ddf9d94c31a364022a6bf6b525ce9da75bea",
                "sha256:7df645b6b7800e8b748c217fbd6a4ca8361bcb9a1ae6206cc02377833ec8a1aa",
                "sha256:7e17d04ea58ab8cf3f2dc52e875db16077c6357846006780086fff3189fb199d",
                "sha256:7f2b34a6444b8f9c1e9f84bd2c639388e5d14f128afd14a869dfb3d9af893aa2",
                "sha256:818dfd310aa1020a13cd08ee48e116dd8c3bb2e23b8161f8ac4df587dd5093d7",
                "sha256:89a258424158eb8b3ed9f65548d68998da334ef155d09488c5637723eb1cd697",
                "sha256:8eceffca3941775b646cd585cd19b275d382de43cc3327d22f7c75d7b003d481",
                "sha256:8f280ab4e043b089777b43b4227bdc2035f88da5072ab36588e0ccf77d45d058",
                "sha256:8f9dbe12f011a9b784f58faecc171d22465bb532c310bd588d769ba79a59ef5a",
                "sha256:9076ce8429785c85f824650735791738de7143f61f43ae9ed83e163c0ca0fa44",
                "sha256:95d2305fd2a7b179cacb48b10f618872fc565c175f9f62b854e8d1acac3e8a9e",
                "sha256:96d9ea6c8d4cbdeee2e0d43379ce2881e4af0454b00570677c59f33f2531cd38",
                "sha256:9944a2cac25ffe049a7e89f306e11b900640837d1ef38d9be0eaa4a4e2b73a52",
                "sha256:9a1a80a8fa767f2fdc3870316a54b84fe9fc09fa6ab6a2686783de6a228a4604",
                "sha256:9cd32326dfa6ce87edf754153b0105aca64486bebe93b9600ccff74fa0b224df",
                "sha256:9f4a65276f6ecdebe75f2a53f578fbc40e8d2860658420d5e0611c56bbf5054c",
                "sha256:a286ded34eb16501002e3713b3130c987366eee2ba0d58c33c72f27778e31676",
                "sha256:a2df98f5e071320c7d84e8bd07c0542acdd0a7519307fc31774d60e4b842ec4f",
                "sha256:a7205497d7276a81fe92951a29616ef96562ed2f91a02066f72b6f93cb34b40e",
                "sha256:aa17a3b22b3726d54d7af20394f65d4a1735a842a4e0f557dc67a90f6965c4bc",
                "sha256:af33f370be90b48bbaf0dab32decbdcc522b1fa95d109020a963282086518a8e",
                "sha256:b17baf702c6e5b4bb66e1281a3efbb1d749c9d06cdb92b665ad81e03118f78fc",
                "sha256:b4f3d06dc16671b88a13ae85d8ca92534c0b637d59e49f0558d040a691246422",
                "sha256:b9953d87418ac228f508d93898ab572775e4d3b0eeb886a1a7734553bcdaf291",
                "sha256:b9a7c987e161e3c58f992c63b7e26fea7fe0777f3b975799d23d65bbb8cb5899",
                "sha256:c6cb613148422c523945cdb8b6bed617856f2602fd8750e33773ede2616e55d5",
                "sha256:c9b9e5bde7030cae83aa900b5bd660decc65afd2db8c400f3c568c815a47ca2a",
                "sha256:cc36a9dded458d4e37492fe3e619c6c83caae794d26ad925adbce61d592f8428",
                "sha256:cd2614f17e261f72efc2f19f5e5ff2ee19e2296570c0dcf33409e22be30710de",
                "sha256:d115790f18daa99b5c11a506e48923b630ef712e9e4b40482af942c3d40638b8",
                "sha256:d194decd9608f11c777946f596f31d5aacad13972a0a87829ae1e6f2d26c1885",
                "sha256:d1a4ce40ba11da9382c14da31f4f9e88c18f7d294f523decd0fadfb81f51ad18",
                "sha256:d1be9e30e675f5bc1cb534633324578f6f0944a1bcffe53242cf632f554f83b6",
                "sha256:d20891e3f33803b26d54c77fd5745878497091e33f4bbbdd454cf6e71aee8890",
                "sha256:d27e560eefb57914d742a837f1da98d3b29cb22eff013c8023b7cf52ae6e051d",
                "sha256:dcb0569dd5bfe6004658cd0f229efa699a3169dcb4f77bd72e188adda302063d",
                "sha256:e62ec131816c6120eff40dffe43424e140264a15fa4ab88c301bd6a595913af3",
                "sha256:e75163773a309e56a9b58165cf5a50e0f84b755f6ff863b2c01a38918fe92daa",
                "sha256:ec58fb7c2062f835595c12f0f02dcda76d0eb0831423cc191d1e18c9276648de",
                "sha256:f1eadbcd3de55ac42310ff82550d3302cb4efcd4e17d76646a17b6e7004bb42b",
                "sha256:f2dcb8389fa3d453927b1299f46bdb38473c293c8269d5c777d33ea0e526b610",
                "sha256:ffaf841546905d90ff189de7397aa56413b1ce5e54547f17a98f0ebf3a3b0a3b"
            ],
            "index": "pypi",
            "markers": "python_version >= '3.7'",
            "version": "==2.2.3"
        },
        "html5lib": {
            "hashes": [
                "sha256:0d78f8fde1c230e99fe37986a60526d7049ed4bf8a9fadbad5f00e22e58e041d",
                "sha256:b2e5b40261e20f354d198eae92afc10d750afb487ed5e50f9c4eaf07c184146f"
            ],
            "index": "pypi",
            "markers": "python_version >= '2.7' and python_version not in '3.0, 3.1, 3.2, 3.3, 3.4'",
            "version": "==1.1"
        },
        "idna": {
            "hashes": [
                "sha256:814f528e8dead7d329833b91c5faa87d60bf71824cd12a7530b5526063d02cb4",
                "sha256:90b77e79eaa3eba6de819a0c442c0b4ceefc341a7a2ab77d7562bf49f425c5c2"
            ],
            "markers": "python_version >= '3.5'",
            "version": "==3.4"
        },
        "numpy": {
            "hashes": [
                "sha256:06934e1a22c54636a059215d6da99e23286424f316fddd979f5071093b648668",
                "sha256:1c59c046c31a43310ad0199d6299e59f57a289e22f0f36951ced1c9eac3665b9",
                "sha256:1d1bd82d539607951cac963388534da3b7ea0e18b149a53cf883d8f699178c0f",
                "sha256:1e11668d6f756ca5ef534b5be8653d16c5352cbb210a5c2a79ff288e937010d5",
                "sha256:3649d566e2fc067597125428db15d60eb42a4e0897fc48d28cb75dc2e0454e53",
                "sha256:59227c981d43425ca5e5c01094d59eb14e8772ce6975d4b2fc1e106a833d5ae2",
                "sha256:6081aed64714a18c72b168a9276095ef9155dd7888b9e74b5987808f0dd0a974",
                "sha256:6965888d65d2848e8768824ca8288db0a81263c1efccec881cb35a0d805fcd2f",
                "sha256:76ff661a867d9272cd2a99eed002470f46dbe0943a5ffd140f49be84f68ffc42",
                "sha256:78ca54b2f9daffa5f323f34cdf21e1d9779a54073f0018a3094ab907938331a2",
                "sha256:82e871307a6331b5f09efda3c22e03c095d957f04bf6bc1804f30048d0e5e7af",
                "sha256:8ab9163ca8aeb7fd32fe93866490654d2f7dda4e61bc6297bf72ce07fdc02f67",
                "sha256:9696aa2e35cc41e398a6d42d147cf326f8f9d81befcb399bc1ed7ffea339b64e",
                "sha256:97e5d6a9f0702c2863aaabf19f0d1b6c2628fbe476438ce0b5ce06e83085064c",
                "sha256:9f42284ebf91bdf32fafac29d29d4c07e5e9d1af862ea73686581773ef9e73a7",
                "sha256:a03fb25610ef560a6201ff06df4f8105292ba56e7cdd196ea350d123fc32e24e",
                "sha256:a5b411040beead47a228bde3b2241100454a6abde9df139ed087bd73fc0a4908",
                "sha256:af22f3d8e228d84d1c0c44c1fbdeb80f97a15a0abe4f080960393a00db733b66",
                "sha256:afd5ced4e5a96dac6725daeb5242a35494243f2239244fad10a90ce58b071d24",
                "sha256:b9d45d1dbb9de84894cc50efece5b09939752a2d75aab3a8b0cef6f3a35ecd6b",
                "sha256:bb894accfd16b867d8643fc2ba6c8617c78ba2828051e9a69511644ce86ce83e",
                "sha256:c8c6c72d4a9f831f328efb1312642a1cafafaa88981d9ab76368d50d07d93cbe",
                "sha256:cd7837b2b734ca72959a1caf3309457a318c934abef7a43a14bb984e574bbb9a",
                "sha256:cdd9ec98f0063d93baeb01aad472a1a0840dee302842a2746a7a8e92968f9575",
                "sha256:d1cfc92db6af1fd37a7bb58e55c8383b4aa1ba23d012bdbba26b4bcca45ac297",
                "sha256:d1d2c6b7dd618c41e202c59c1413ef9b2c8e8a15f5039e344af64195459e3104",
                "sha256:d2984cb6caaf05294b8466966627e80bf6c7afd273279077679cb010acb0e5ab",
                "sha256:d58e8c51a7cf43090d124d5073bc29ab2755822181fcad978b12e144e5e5a4b3",
                "sha256:d78f269e0c4fd365fc2992c00353e4530d274ba68f15e968d8bc3c69ce5f5244",
                "sha256:dcfaf015b79d1f9f9c9fd0731a907407dc3e45769262d657d754c3a028586124",
                "sha256:e44ccb93f30c75dfc0c3aa3ce38f33486a75ec9abadabd4e59f114994a9c4617",
                "sha256:e509cbc488c735b43b5ffea175235cec24bbc57b227ef1acc691725beb230d1c"
            ],
            "index": "pypi",
            "markers": "python_version < '3.13' and python_version >= '3.9'",
            "version": "==1.26.1"
        },
        "outcome": {
            "hashes": [
                "sha256:9dcf02e65f2971b80047b377468e72a268e15c0af3cf1238e6ff14f7f91143b8",
                "sha256:e771c5ce06d1415e356078d3bdd68523f284b4ce5419828922b6871e65eda82b"
            ],
            "markers": "python_version >= '3.7'",
            "version": "==1.3.0.post0"
        },
        "packaging": {
            "hashes": [
                "sha256:048fb0e9405036518eaaf48a55953c750c11e1a1b68e0dd1a9d62ed0c092cfc5",
                "sha256:8c491190033a9af7e1d931d0b5dacc2ef47509b34dd0de67ed209b5203fc88c7"
            ],
            "markers": "python_version >= '3.7'",
            "version": "==23.2"
        },
        "psycopg": {
            "hashes": [
                "sha256:8ec5230d6a7eb654b4fb3cf2d3eda8871d68f24807b934790504467f1deee9f8",
                "sha256:cec7ad2bc6a8510e56c45746c631cf9394148bdc8a9a11fd8cf8554ce129ae78"
            ],
            "index": "pypi",
            "markers": "python_version >= '3.7'",
            "version": "==3.1.12"
        },
        "pysocks": {
            "hashes": [
                "sha256:08e69f092cc6dbe92a0fdd16eeb9b9ffbc13cadfe5ca4c7bd92ffb078b293299",
                "sha256:2725bd0a9925919b9b51739eea5f9e2bae91e83288108a9ad338b2e3a4435ee5",
                "sha256:3f8804571ebe159c380ac6de37643bb4685970655d3bba243530d6558b799aa0"
            ],
            "version": "==1.7.1"
        },
        "pytz": {
            "hashes": [
                "sha256:7b4fddbeb94a1eba4b557da24f19fdf9db575192544270a9101d8509f9f43d7b",
                "sha256:ce42d816b81b68506614c11e8937d3aa9e41007ceb50bfdcb0749b921bf646c7"
            ],
            "version": "==2023.3.post1"
        },
        "pyyaml": {
            "hashes": [
                "sha256:04ac92ad1925b2cff1db0cfebffb6ffc43457495c9b3c39d3fcae417d7125dc5",
                "sha256:062582fca9fabdd2c8b54a3ef1c978d786e0f6b3a1510e0ac93ef59e0ddae2bc",
                "sha256:0d3304d8c0adc42be59c5f8a4d9e3d7379e6955ad754aa9d6ab7a398b59dd1df",
                "sha256:1635fd110e8d85d55237ab316b5b011de701ea0f29d07611174a1b42f1444741",
                "sha256:184c5108a2aca3c5b3d3bf9395d50893a7ab82a38004c8f61c258d4428e80206",
                "sha256:18aeb1bf9a78867dc38b259769503436b7c72f7a1f1f4c93ff9a17de54319b27",
                "sha256:1d4c7e777c441b20e32f52bd377e0c409713e8bb1386e1099c2415f26e479595",
                "sha256:1e2722cc9fbb45d9b87631ac70924c11d3a401b2d7f410cc0e3bbf249f2dca62",
                "sha256:1fe35611261b29bd1de0070f0b2f47cb6ff71fa6595c077e42bd0c419fa27b98",
                "sha256:28c119d996beec18c05208a8bd78cbe4007878c6dd15091efb73a30e90539696",
                "sha256:326c013efe8048858a6d312ddd31d56e468118ad4cdeda36c719bf5bb6192290",
                "sha256:40df9b996c2b73138957fe23a16a4f0ba614f4c0efce1e9406a184b6d07fa3a9",
                "sha256:42f8152b8dbc4fe7d96729ec2b99c7097d656dc1213a3229ca5383f973a5ed6d",
                "sha256:49a183be227561de579b4a36efbb21b3eab9651dd81b1858589f796549873dd6",
                "sha256:4fb147e7a67ef577a588a0e2c17b6db51dda102c71de36f8549b6816a96e1867",
                "sha256:50550eb667afee136e9a77d6dc71ae76a44df8b3e51e41b77f6de2932bfe0f47",
                "sha256:510c9deebc5c0225e8c96813043e62b680ba2f9c50a08d3724c7f28a747d1486",
                "sha256:5773183b6446b2c99bb77e77595dd486303b4faab2b086e7b17bc6bef28865f6",
                "sha256:596106435fa6ad000c2991a98fa58eeb8656ef2325d7e158344fb33864ed87e3",
                "sha256:6965a7bc3cf88e5a1c3bd2e0b5c22f8d677dc88a455344035f03399034eb3007",
                "sha256:69b023b2b4daa7548bcfbd4aa3da05b3a74b772db9e23b982788168117739938",
                "sha256:6c22bec3fbe2524cde73d7ada88f6566758a8f7227bfbf93a408a9d86bcc12a0",
                "sha256:704219a11b772aea0d8ecd7058d0082713c3562b4e271b849ad7dc4a5c90c13c",
                "sha256:7e07cbde391ba96ab58e532ff4803f79c4129397514e1413a7dc761ccd755735",
                "sha256:81e0b275a9ecc9c0c0c07b4b90ba548307583c125f54d5b6946cfee6360c733d",
                "sha256:855fb52b0dc35af121542a76b9a84f8d1cd886ea97c84703eaa6d88e37a2ad28",
                "sha256:8d4e9c88387b0f5c7d5f281e55304de64cf7f9c0021a3525bd3b1c542da3b0e4",
                "sha256:9046c58c4395dff28dd494285c82ba00b546adfc7ef001486fbf0324bc174fba",
                "sha256:9eb6caa9a297fc2c2fb8862bc5370d0303ddba53ba97e71f08023b6cd73d16a8",
                "sha256:a0cd17c15d3bb3fa06978b4e8958dcdc6e0174ccea823003a106c7d4d7899ac5",
                "sha256:afd7e57eddb1a54f0f1a974bc4391af8bcce0b444685d936840f125cf046d5bd",
                "sha256:b1275ad35a5d18c62a7220633c913e1b42d44b46ee12554e5fd39c70a243d6a3",
                "sha256:b786eecbdf8499b9ca1d697215862083bd6d2a99965554781d0d8d1ad31e13a0",
                "sha256:ba336e390cd8e4d1739f42dfe9bb83a3cc2e80f567d8805e11b46f4a943f5515",
                "sha256:baa90d3f661d43131ca170712d903e6295d1f7a0f595074f151c0aed377c9b9c",
                "sha256:bc1bf2925a1ecd43da378f4db9e4f799775d6367bdb94671027b73b393a7c42c",
                "sha256:bd4af7373a854424dabd882decdc5579653d7868b8fb26dc7d0e99f823aa5924",
                "sha256:bf07ee2fef7014951eeb99f56f39c9bb4af143d8aa3c21b1677805985307da34",
                "sha256:bfdf460b1736c775f2ba9f6a92bca30bc2095067b8a9d77876d1fad6cc3b4a43",
                "sha256:c8098ddcc2a85b61647b2590f825f3db38891662cfc2fc776415143f599bb859",
                "sha256:d2b04aac4d386b172d5b9692e2d2da8de7bfb6c387fa4f801fbf6fb2e6ba4673",
                "sha256:d483d2cdf104e7c9fa60c544d92981f12ad66a457afae824d146093b8c294c54",
                "sha256:d858aa552c999bc8a8d57426ed01e40bef403cd8ccdd0fc5f6f04a00414cac2a",
                "sha256:e7d73685e87afe9f3b36c799222440d6cf362062f78be1013661b00c5c6f678b",
                "sha256:f003ed9ad21d6a4713f0a9b5a7a0a79e08dd0f221aff4525a2be4c346ee60aab",
                "sha256:f22ac1c3cac4dbc50079e965eba2c1058622631e526bd9afd45fedd49ba781fa",
                "sha256:faca3bdcf85b2fc05d06ff3fbc1f83e1391b3e724afa3feba7d13eeab355484c",
                "sha256:fca0e3a251908a499833aa292323f32437106001d436eca0e6e7833256674585",
                "sha256:fd1592b3fdf65fff2ad0004b5e363300ef59ced41c2e6b3a99d4089fa8c5435d",
                "sha256:fd66fc5d0da6d9815ba2cebeb4205f95818ff4b79c3ebe268e75d961704af52f"
            ],
            "index": "pypi",
            "markers": "python_version >= '3.6'",
            "version": "==6.0.1"
        },
        "redis": {
            "hashes": [
                "sha256:0dab495cd5753069d3bc650a0dde8a8f9edde16fc5691b689a566eda58100d0f",
                "sha256:ed4802971884ae19d640775ba3b03aa2e7bd5e8fb8dfaed2decce4d0fc48391f"
            ],
            "index": "pypi",
            "markers": "python_version >= '3.7'",
            "version": "==5.0.1"
        },
        "requests": {
            "hashes": [
                "sha256:58cd2187c01e70e6e26505bca751777aa9f2ee0b7f4300988b709f44e013003f",
                "sha256:942c5a758f98d790eaed1a29cb6eefc7ffb0d1cf7af05c3d2791656dbd6ad1e1"
            ],
            "index": "pypi",
            "markers": "python_version >= '3.7'",
            "version": "==2.31.0"
        },
        "selenium": {
            "hashes": [
                "sha256:0d14b0d9842366f38fb5f8f842cf7c042bcfa062affc6a0a86e4d634bdd0fe54",
                "sha256:be9824a9354a7fe288e3fad9ceb6a9c65ddc7c44545d23ad0ebf4ce202b19893"
            ],
            "index": "pypi",
            "markers": "python_version >= '3.8'",
            "version": "==4.14.0"
        },
        "six": {
            "hashes": [
                "sha256:1e61c37477a1626458e36f7b1d82aa5c9b094fa4802892072e49de9c60c4c926",
                "sha256:8abb2f1d86890a2dfb989f9a77cfcfd3e47c2a354b01111771326f8aa26e0254"
            ],
            "markers": "python_version >= '2.7' and python_version not in '3.0, 3.1, 3.2, 3.3'",
            "version": "==1.16.0"
        },
        "sniffio": {
            "hashes": [
                "sha256:e60305c5e5d314f5389259b7f22aaa33d8f7dee49763119234af3755c55b9101",
                "sha256:eecefdce1e5bbfb7ad2eeaabf7c1eeb404d7757c379bd1f7e5cce9d8bf425384"
            ],
            "markers": "python_version >= '3.7'",
            "version": "==1.3.0"
        },
        "sortedcontainers": {
            "hashes": [
                "sha256:25caa5a06cc30b6b83d11423433f65d1f9d76c4c6a0c90e3379eaa43b9bfdb88",
                "sha256:a163dcaede0f1c021485e957a39245190e74249897e2ae4b2aa38595db237ee0"
            ],
            "version": "==2.4.0"
        },
        "soupsieve": {
            "hashes": [
                "sha256:5663d5a7b3bfaeee0bc4372e7fc48f9cff4940b3eec54a6451cc5299f1097690",
                "sha256:eaa337ff55a1579b6549dc679565eac1e3d000563bcb1c8ab0d0fefbc0c2cdc7"
            ],
            "markers": "python_version >= '3.8'",
            "version": "==2.5"
        },
        "sqlparse": {
            "hashes": [
                "sha256:5430a4fe2ac7d0f93e66f1efc6e1338a41884b7ddf2a350cedd20ccc4d9d28f3",
                "sha256:d446183e84b8349fa3061f0fe7f06ca94ba65b426946ffebe6e3e8295332420c"
            ],
            "markers": "python_version >= '3.5'",
            "version": "==0.4.4"
        },
        "trio": {
            "hashes": [
                "sha256:3887cf18c8bcc894433420305468388dac76932e9668afa1c49aa3806b6accb3",
                "sha256:f43da357620e5872b3d940a2e3589aa251fd3f881b65a608d742e00809b1ec38"
            ],
            "markers": "python_version >= '3.7'",
            "version": "==0.22.2"
        },
        "trio-websocket": {
            "hashes": [
                "sha256:18c11793647703c158b1f6e62de638acada927344d534e3c7628eedcb746839f",
                "sha256:520d046b0d030cf970b8b2b2e00c4c2245b3807853ecd44214acd33d74581638"
            ],
            "markers": "python_version >= '3.7'",
            "version": "==0.11.1"
        },
        "typing-extensions": {
            "hashes": [
                "sha256:8f92fc8806f9a6b641eaa5318da32b44d401efaac0f6678c9bc448ba3605faa0",
                "sha256:df8e4339e9cb77357558cbdbceca33c303714cf861d1eef15e1070055ae8b7ef"
            ],
            "markers": "python_version >= '3.8'",
            "version": "==4.8.0"
        },
        "unidecode": {
            "hashes": [
                "sha256:3c90b4662aa0de0cb591884b934ead8d2225f1800d8da675a7750cbc3bd94610",
                "sha256:663a537f506834ed836af26a81b210d90cbde044c47bfbdc0fbbc9f94c86a6e4"
            ],
            "index": "pypi",
            "markers": "python_version >= '3.5'",
            "version": "==1.3.7"
        },
        "uritemplate": {
            "hashes": [
                "sha256:4346edfc5c3b79f694bccd6d6099a322bbeb628dbf2cd86eea55a456ce5124f0",
                "sha256:830c08b8d99bdd312ea4ead05994a38e8936266f84b9a7878232db50b044e02e"
            ],
            "index": "pypi",
            "markers": "python_version >= '3.6'",
            "version": "==4.1.1"
        },
        "urllib3": {
            "extras": [
                "socks"
            ],
            "hashes": [
                "sha256:c97dfde1f7bd43a71c8d2a58e369e9b2bf692d1334ea9f9cae55add7d0dd0f84",
                "sha256:fdb6d215c776278489906c2f8916e6e7d4f5a9b602ccbcfdf7f016fc8da0596e"
            ],
            "markers": "python_version >= '3.7'",
            "version": "==2.0.7"
        },
        "webencodings": {
            "hashes": [
                "sha256:a0af1213f3c2226497a97e2b3aa01a7e4bee4f403f95be16fc9acd2947514a78",
                "sha256:b36a1c245f2d304965eb4e0a82848379241dc04b865afcc4aab16748587e1923"
            ],
            "version": "==0.5.1"
        },
        "whitenoise": {
            "hashes": [
                "sha256:8998f7370973447fac1e8ef6e8ded2c5209a7b1f67c1012866dbcd09681c3251",
                "sha256:b1f9db9bf67dc183484d760b99f4080185633136a273a03f6436034a41064146"
            ],
            "index": "pypi",
            "markers": "python_version >= '3.8'",
            "version": "==6.6.0"
        },
        "wsproto": {
            "hashes": [
                "sha256:ad565f26ecb92588a3e43bc3d96164de84cd9902482b130d0ddbaa9664a85065",
                "sha256:b9acddd652b585d75b20477888c56642fdade28bdfd3579aa24a4d2c037dd736"
            ],
            "markers": "python_full_version >= '3.7.0'",
            "version": "==1.2.0"
        }
    },
    "develop": {}
}
